
Microsoft Visual Studio Solution File, Format Version 10.00
# Visual Studio 2008
Project("{FAE04EC0-301F-11D3-BF4B-00C04F79EFBC}") = "FacebookAPI", "facebook\FacebookAPI.csproj", "{1F538275-4C0C-4983-8D92-BFF2AA0E5FC1}"
EndProject
Project("{FAE04EC0-301F-11D3-BF4B-00C04F79EFBC}") = "FacebookSampleApp", "examples\FacebookSampleApp.csproj", "{E2CC8F94-26B6-411F-AC4A-E0541D026CB1}"
EndProject
Project("{2150E333-8FDC-42A3-9474-1A3956D46DE8}") = "Solution Items", "Solution Items", "{4EC0DF6D-F824-486F-9F93-B40AA146335D}"
	ProjectSection(SolutionItems) = preProject
		VsEditorFormatting.vssettings = VsEditorFormatting.vssettings
	EndProjectSection
EndProject
Project("{FAE04EC0-301F-11D3-BF4B-00C04F79EFBC}") = "FacebookAPI.WebUI", "web\FacebookAPI.WebUI.csproj", "{710E4F89-017B-4A42-8DFA-05AD8EA38971}"
EndProject
Global
	GlobalSection(SolutionConfigurationPlatforms) = preSolution
		Debug|Any CPU = Debug|Any CPU
		Release|Any CPU = Release|Any CPU
	EndGlobalSection
	GlobalSection(ProjectConfigurationPlatforms) = postSolution
		{1F538275-4C0C-4983-8D92-BFF2AA0E5FC1}.Debug|Any CPU.ActiveCfg = Debug|Any CPU
		{1F538275-4C0C-4983-8D92-BFF2AA0E5FC1}.Debug|Any CPU.Build.0 = Debug|Any CPU
		{1F538275-4C0C-4983-8D92-BFF2AA0E5FC1}.Release|Any CPU.ActiveCfg = Release|Any CPU
		{1F538275-4C0C-4983-8D92-BFF2AA0E5FC1}.Release|Any CPU.Build.0 = Release|Any CPU
		{E2CC8F94-26B6-411F-AC4A-E0541D026CB1}.Debug|Any CPU.ActiveCfg = Debug|Any CPU
		{E2CC8F94-26B6-411F-AC4A-E0541D026CB1}.Debug|Any CPU.Build.0 = Debug|Any CPU
		{E2CC8F94-26B6-411F-AC4A-E0541D026CB1}.Release|Any CPU.ActiveCfg = Release|Any CPU
		{E2CC8F94-26B6-411F-AC4A-E0541D026CB1}.Release|Any CPU.Build.0 = Release|Any CPU
		{710E4F89-017B-4A42-8DFA-05AD8EA38971}.Debug|Any CPU.ActiveCfg = Debug|Any CPU
		{710E4F89-017B-4A42-8DFA-05AD8EA38971}.Debug|Any CPU.Build.0 = Debug|Any CPU
		{710E4F89-017B-4A42-8DFA-05AD8EA38971}.Release|Any CPU.ActiveCfg = Release|Any CPU
		{710E4F89-017B-4A42-8DFA-05AD8EA38971}.Release|Any CPU.Build.0 = Release|Any CPU
	EndGlobalSection
	GlobalSection(SolutionProperties) = preSolution
		HideSolutionNode = FALSE
	EndGlobalSection
EndGlobal
